
Microsoft Visual Studio Solution File, Format Version 12.00
# Visual Studio 15
Project("{FAE04EC0-301F-11D3-BF4B-00C04F79EFBC}") = "UnityEngine.UI", "UnityEngine.UI.csproj", "{1E61ADF6-97CB-F468-1CA2-97B82E543254}"
EndProject
Project("{FAE04EC0-301F-11D3-BF4B-00C04F79EFBC}") = "Assembly-CSharp", "Assembly-CSharp.csproj", "{A4FB2C11-10A9-1690-A92D-459500A650E6}"
EndProject
Project("{FAE04EC0-301F-11D3-BF4B-00C04F79EFBC}") = "Unity.2D.Sprite.Editor", "Unity.2D.Sprite.Editor.csproj", "{8FE70080-316B-6BE8-6974-2C6242AAD1D0}"
EndProject
Project("{FAE04EC0-301F-11D3-BF4B-00C04F79EFBC}") = "UnityEditor.UI", "UnityEditor.UI.csproj", "{2B0CE7EE-DC5F-D32B-F6EB-0B583546170A}"
EndProject
Project("{FAE04EC0-301F-11D3-BF4B-00C04F79EFBC}") = "Unity.2D.Tilemap.Editor", "Unity.2D.Tilemap.Editor.csproj", "{9B0B5724-73BF-C494-CD10-4994B4F1A019}"
EndProject
Global
	GlobalSection(SolutionConfigurationPlatforms) = preSolution
		Debug|Any CPU = Debug|Any CPU
		Release|Any CPU = Release|Any CPU
	EndGlobalSection
	GlobalSection(ProjectConfigurationPlatforms) = postSolution
		{1E61ADF6-97CB-F468-1CA2-97B82E543254}.Debug|Any CPU.ActiveCfg = Debug|Any CPU
		{1E61ADF6-97CB-F468-1CA2-97B82E543254}.Debug|Any CPU.Build.0 = Debug|Any CPU
		{1E61ADF6-97CB-F468-1CA2-97B82E543254}.Release|Any CPU.ActiveCfg = Release|Any CPU
		{1E61ADF6-97CB-F468-1CA2-97B82E543254}.Release|Any CPU.Build.0 = Release|Any CPU
		{A4FB2C11-10A9-1690-A92D-459500A650E6}.Debug|Any CPU.ActiveCfg = Debug|Any CPU
		{A4FB2C11-10A9-1690-A92D-459500A650E6}.Debug|Any CPU.Build.0 = Debug|Any CPU
		{A4FB2C11-10A9-1690-A92D-459500A650E6}.Release|Any CPU.ActiveCfg = Release|Any CPU
		{A4FB2C11-10A9-1690-A92D-459500A650E6}.Release|Any CPU.Build.0 = Release|Any CPU
		{8FE70080-316B-6BE8-6974-2C6242AAD1D0}.Debug|Any CPU.ActiveCfg = Debug|Any CPU
		{8FE70080-316B-6BE8-6974-2C6242AAD1D0}.Debug|Any CPU.Build.0 = Debug|Any CPU
		{8FE70080-316B-6BE8-6974-2C6242AAD1D0}.Release|Any CPU.ActiveCfg = Release|Any CPU
		{8FE70080-316B-6BE8-6974-2C6242AAD1D0}.Release|Any CPU.Build.0 = Release|Any CPU
		{2B0CE7EE-DC5F-D32B-F6EB-0B583546170A}.Debug|Any CPU.ActiveCfg = Debug|Any CPU
		{2B0CE7EE-DC5F-D32B-F6EB-0B583546170A}.Debug|Any CPU.Build.0 = Debug|Any CPU
		{2B0CE7EE-DC5F-D32B-F6EB-0B583546170A}.Release|Any CPU.ActiveCfg = Release|Any CPU
		{2B0CE7EE-DC5F-D32B-F6EB-0B583546170A}.Release|Any CPU.Build.0 = Release|Any CPU
		{9B0B5724-73BF-C494-CD10-4994B4F1A019}.Debug|Any CPU.ActiveCfg = Debug|Any CPU
		{9B0B5724-73BF-C494-CD10-4994B4F1A019}.Debug|Any CPU.Build.0 = Debug|Any CPU
		{9B0B5724-73BF-C494-CD10-4994B4F1A019}.Release|Any CPU.ActiveCfg = Release|Any CPU
		{9B0B5724-73BF-C494-CD10-4994B4F1A019}.Release|Any CPU.Build.0 = Release|Any CPU
	EndGlobalSection
	GlobalSection(SolutionProperties) = preSolution
		HideSolutionNode = FALSE
	EndGlobalSection
EndGlobal
