
Microsoft Visual Studio Solution File, Format Version 11.00
# Visual Studio 2010
Project("{FAE04EC0-301F-11D3-BF4B-00C04F79EFBC}") = "Assembly-CSharp", "Assembly-CSharp.csproj", "{dc168db9-d612-9e4e-11ce-f4a971f8d700}"
EndProject
Project("{FAE04EC0-301F-11D3-BF4B-00C04F79EFBC}") = "Assembly-CSharp-Editor", "Assembly-CSharp-Editor.csproj", "{cc3865a2-0e94-fb7b-2cc9-4b9b96d03dfd}"
EndProject
Global
	GlobalSection(SolutionConfigurationPlatforms) = preSolution
		Debug|Any CPU = Debug|Any CPU
	EndGlobalSection
	GlobalSection(ProjectConfigurationPlatforms) = postSolution
		{dc168db9-d612-9e4e-11ce-f4a971f8d700}.Debug|Any CPU.ActiveCfg = Debug|Any CPU
		{dc168db9-d612-9e4e-11ce-f4a971f8d700}.Debug|Any CPU.Build.0 = Debug|Any CPU
		{cc3865a2-0e94-fb7b-2cc9-4b9b96d03dfd}.Debug|Any CPU.ActiveCfg = Debug|Any CPU
		{cc3865a2-0e94-fb7b-2cc9-4b9b96d03dfd}.Debug|Any CPU.Build.0 = Debug|Any CPU
	EndGlobalSection
	GlobalSection(SolutionProperties) = preSolution
		HideSolutionNode = FALSE
	EndGlobalSection
EndGlobal
